{
  "nodes": {
    "nixpkgs": {
      "locked": {
        "lastModified": 1772934839,
        "narHash": "sha256-6mMYkB7BTTsc4thtCFbh3Aj5yth3EPI6L9L5DR6tpWc=",
        "owner": "NixOS",
        "repo": "nixpkgs",
        "rev": "d351a3bce30b8f0d0a36281754b62942977fabe5",
        "type": "github"
      },
      "original": {
        "owner": "NixOS",
        "ref": "release-25.11",
        "repo": "nixpkgs",
        "type": "github"
      }
    },
    "root": {
      "inputs": {
        "nixpkgs": "nixpkgs"
      }
    }
  },
  "root": "root",
  "version": 7
}
